
Microsoft Visual Studio Solution File, Format Version 12.00
# Visual Studio Version 17
VisualStudioVersion = 17.3.32825.248
MinimumVisualStudioVersion = 10.0.40219.1
Project("{FAE04EC0-301F-11D3-BF4B-00C04F79EFBC}") = "final_draft", "final_draft.csproj", "{DBE9AF2C-8FB6-4552-BBC4-C9FF6AAC6FA1}"
EndProject
Global
	GlobalSection(SolutionConfigurationPlatforms) = preSolution
		Debug|Any CPU = Debug|Any CPU
		Release|Any CPU = Release|Any CPU
	EndGlobalSection
	GlobalSection(ProjectConfigurationPlatforms) = postSolution
		{DBE9AF2C-8FB6-4552-BBC4-C9FF6AAC6FA1}.Debug|Any CPU.ActiveCfg = Debug|Any CPU
		{DBE9AF2C-8FB6-4552-BBC4-C9FF6AAC6FA1}.Debug|Any CPU.Build.0 = Debug|Any CPU
		{DBE9AF2C-8FB6-4552-BBC4-C9FF6AAC6FA1}.Release|Any CPU.ActiveCfg = Release|Any CPU
		{DBE9AF2C-8FB6-4552-BBC4-C9FF6AAC6FA1}.Release|Any CPU.Build.0 = Release|Any CPU
	EndGlobalSection
	GlobalSection(SolutionProperties) = preSolution
		HideSolutionNode = FALSE
	EndGlobalSection
	GlobalSection(ExtensibilityGlobals) = postSolution
		SolutionGuid = {233EAEFB-F032-49EE-98A9-E35B92A84194}
	EndGlobalSection
EndGlobal
